
Microsoft Visual Studio Solution File, Format Version 12.00
# Visual Studio Version 17
VisualStudioVersion = 17.14.36121.58 d17.14
MinimumVisualStudioVersion = 10.0.40219.1
Project("{FAE04EC0-301F-11D3-BF4B-00C04F79EFBC}") = "SigcheckGUI", "SigcheckGUI\SigcheckGUI.csproj", "{23508901-4809-412E-9207-01C220CEA7B5}"
EndProject
Global
	GlobalSection(SolutionConfigurationPlatforms) = preSolution
		Debug|Any CPU = Debug|Any CPU
		Release|Any CPU = Release|Any CPU
	EndGlobalSection
	GlobalSection(ProjectConfigurationPlatforms) = postSolution
		{23508901-4809-412E-9207-01C220CEA7B5}.Debug|Any CPU.ActiveCfg = Debug|Any CPU
		{23508901-4809-412E-9207-01C220CEA7B5}.Debug|Any CPU.Build.0 = Debug|Any CPU
		{23508901-4809-412E-9207-01C220CEA7B5}.Release|Any CPU.ActiveCfg = Release|Any CPU
		{23508901-4809-412E-9207-01C220CEA7B5}.Release|Any CPU.Build.0 = Release|Any CPU
	EndGlobalSection
	GlobalSection(SolutionProperties) = preSolution
		HideSolutionNode = FALSE
	EndGlobalSection
	GlobalSection(ExtensibilityGlobals) = postSolution
		SolutionGuid = {A92121AA-071B-4F54-830F-B0F670E2C991}
	EndGlobalSection
EndGlobal
